{
  "version": "4",
  "specifiers": {
    "jsr:@std/assert@*": "1.0.9",
    "jsr:@std/assert@^1.0.9": "1.0.9",
    "jsr:@std/async@*": "1.0.9",
    "jsr:@std/encoding@*": "1.0.5",
    "jsr:@std/internal@^1.0.5": "1.0.5",
    "jsr:@std/random@*": "0.1.0",
    "jsr:@std/testing@*": "1.0.6"
  },
  "jsr": {
    "@std/assert@1.0.8": {
      "integrity": "ebe0bd7eb488ee39686f77003992f389a06c3da1bbd8022184804852b2fa641b",
      "dependencies": [
        "jsr:@std/internal"
      ]
    },
    "@std/assert@1.0.9": {
      "integrity": "a9f0c611a869cc791b26f523eec54c7e187aab7932c2c8e8bea0622d13680dcd",
      "dependencies": [
        "jsr:@std/internal"
      ]
    },
    "@std/async@1.0.9": {
      "integrity": "c6472fd0623b3f3daae023cdf7ca5535e1b721dfbf376562c0c12b3fb4867f91"
    },
    "@std/encoding@1.0.5": {
      "integrity": "ecf363d4fc25bd85bd915ff6733a7e79b67e0e7806334af15f4645c569fefc04"
    },
    "@std/internal@1.0.5": {
      "integrity": "54a546004f769c1ac9e025abd15a76b6671ddc9687e2313b67376125650dc7ba"
    },
    "@std/random@0.1.0": {
      "integrity": "70a006be0ffb77d036bab54aa8ae6bd0119ba77ace0f2f56f63273d4262a5667"
    },
    "@std/testing@1.0.6": {
      "integrity": "9192ded2d34065f4c959fdc1921fe836770abb9194410c2cc8a0fff4eff5c893",
      "dependencies": [
        "jsr:@std/assert@^1.0.9",
        "jsr:@std/internal"
      ]
    }
  },
  "workspace": {
    "dependencies": [
      "jsr:@std/assert@1"
    ]
  }
}
